
Microsoft Visual Studio Solution File, Format Version 12.00
# Visual Studio Version 16
VisualStudioVersion = 16.0.30413.136
MinimumVisualStudioVersion = 10.0.40219.1
Project("{9A19103F-16F7-4668-BE54-9A1E7A4F7556}") = "PracticeDapper.API", "PracticeDapper.API\PracticeDapper.API.csproj", "{1C35E0CC-844A-420B-81ED-8F5D0593F85D}"
EndProject
Project("{9A19103F-16F7-4668-BE54-9A1E7A4F7556}") = "PracticeDapper.Models", "PracticeDapper.Models\PracticeDapper.Models.csproj", "{DC8BE5EC-8E47-4B2F-894B-3237A2A0C835}"
EndProject
Project("{9A19103F-16F7-4668-BE54-9A1E7A4F7556}") = "PracticeDapper.Repo", "PracticeDapper.Repo\PracticeDapper.Repo.csproj", "{C10780FB-F4E7-42E1-A05E-42FAF6934A5C}"
EndProject
Project("{FAE04EC0-301F-11D3-BF4B-00C04F79EFBC}") = "PracticeDapper.Web", "PracticeDapper.Web\PracticeDapper.Web.csproj", "{BFD99D14-0ED3-4CD5-8A41-865C1D21BD9F}"
EndProject
Global
	GlobalSection(SolutionConfigurationPlatforms) = preSolution
		Debug|Any CPU = Debug|Any CPU
		Release|Any CPU = Release|Any CPU
	EndGlobalSection
	GlobalSection(ProjectConfigurationPlatforms) = postSolution
		{1C35E0CC-844A-420B-81ED-8F5D0593F85D}.Debug|Any CPU.ActiveCfg = Debug|Any CPU
		{1C35E0CC-844A-420B-81ED-8F5D0593F85D}.Debug|Any CPU.Build.0 = Debug|Any CPU
		{1C35E0CC-844A-420B-81ED-8F5D0593F85D}.Release|Any CPU.ActiveCfg = Release|Any CPU
		{1C35E0CC-844A-420B-81ED-8F5D0593F85D}.Release|Any CPU.Build.0 = Release|Any CPU
		{DC8BE5EC-8E47-4B2F-894B-3237A2A0C835}.Debug|Any CPU.ActiveCfg = Debug|Any CPU
		{DC8BE5EC-8E47-4B2F-894B-3237A2A0C835}.Debug|Any CPU.Build.0 = Debug|Any CPU
		{DC8BE5EC-8E47-4B2F-894B-3237A2A0C835}.Release|Any CPU.ActiveCfg = Release|Any CPU
		{DC8BE5EC-8E47-4B2F-894B-3237A2A0C835}.Release|Any CPU.Build.0 = Release|Any CPU
		{C10780FB-F4E7-42E1-A05E-42FAF6934A5C}.Debug|Any CPU.ActiveCfg = Debug|Any CPU
		{C10780FB-F4E7-42E1-A05E-42FAF6934A5C}.Debug|Any CPU.Build.0 = Debug|Any CPU
		{C10780FB-F4E7-42E1-A05E-42FAF6934A5C}.Release|Any CPU.ActiveCfg = Release|Any CPU
		{C10780FB-F4E7-42E1-A05E-42FAF6934A5C}.Release|Any CPU.Build.0 = Release|Any CPU
		{BFD99D14-0ED3-4CD5-8A41-865C1D21BD9F}.Debug|Any CPU.ActiveCfg = Debug|Any CPU
		{BFD99D14-0ED3-4CD5-8A41-865C1D21BD9F}.Debug|Any CPU.Build.0 = Debug|Any CPU
		{BFD99D14-0ED3-4CD5-8A41-865C1D21BD9F}.Release|Any CPU.ActiveCfg = Release|Any CPU
		{BFD99D14-0ED3-4CD5-8A41-865C1D21BD9F}.Release|Any CPU.Build.0 = Release|Any CPU
	EndGlobalSection
	GlobalSection(SolutionProperties) = preSolution
		HideSolutionNode = FALSE
	EndGlobalSection
	GlobalSection(ExtensibilityGlobals) = postSolution
		SolutionGuid = {5DDB3843-D0A9-49EF-B74D-1DD312C3D9B9}
	EndGlobalSection
EndGlobal
